
Microsoft Visual Studio Solution File, Format Version 12.00
# Visual Studio Version 17
VisualStudioVersion = 17.7.34024.191
MinimumVisualStudioVersion = 10.0.40219.1
Project("{FAE04EC0-301F-11D3-BF4B-00C04F79EFBC}") = "Videojuegos", "Videojuegos.csproj", "{1507E773-A98C-4600-B461-1819D473C8A0}"
EndProject
Project("{FAE04EC0-301F-11D3-BF4B-00C04F79EFBC}") = "Videojuegos.Infrastructura", "..\Videojuegos.Infrastructura\Videojuegos.Infrastructura.csproj", "{B03CCC53-0DBB-45CA-8942-8A74463E0A66}"
EndProject
Project("{FAE04EC0-301F-11D3-BF4B-00C04F79EFBC}") = "Videojuegos.Dominio", "..\Videojuegos.Dominio\Videojuegos.Dominio.csproj", "{4F41A392-D704-4350-93BC-F01AC77957E1}"
EndProject
Global
	GlobalSection(SolutionConfigurationPlatforms) = preSolution
		Debug|Any CPU = Debug|Any CPU
		Release|Any CPU = Release|Any CPU
	EndGlobalSection
	GlobalSection(ProjectConfigurationPlatforms) = postSolution
		{1507E773-A98C-4600-B461-1819D473C8A0}.Debug|Any CPU.ActiveCfg = Debug|Any CPU
		{1507E773-A98C-4600-B461-1819D473C8A0}.Debug|Any CPU.Build.0 = Debug|Any CPU
		{1507E773-A98C-4600-B461-1819D473C8A0}.Release|Any CPU.ActiveCfg = Release|Any CPU
		{1507E773-A98C-4600-B461-1819D473C8A0}.Release|Any CPU.Build.0 = Release|Any CPU
		{B03CCC53-0DBB-45CA-8942-8A74463E0A66}.Debug|Any CPU.ActiveCfg = Debug|Any CPU
		{B03CCC53-0DBB-45CA-8942-8A74463E0A66}.Debug|Any CPU.Build.0 = Debug|Any CPU
		{B03CCC53-0DBB-45CA-8942-8A74463E0A66}.Release|Any CPU.ActiveCfg = Release|Any CPU
		{B03CCC53-0DBB-45CA-8942-8A74463E0A66}.Release|Any CPU.Build.0 = Release|Any CPU
		{4F41A392-D704-4350-93BC-F01AC77957E1}.Debug|Any CPU.ActiveCfg = Debug|Any CPU
		{4F41A392-D704-4350-93BC-F01AC77957E1}.Debug|Any CPU.Build.0 = Debug|Any CPU
		{4F41A392-D704-4350-93BC-F01AC77957E1}.Release|Any CPU.ActiveCfg = Release|Any CPU
		{4F41A392-D704-4350-93BC-F01AC77957E1}.Release|Any CPU.Build.0 = Release|Any CPU
	EndGlobalSection
	GlobalSection(SolutionProperties) = preSolution
		HideSolutionNode = FALSE
	EndGlobalSection
	GlobalSection(ExtensibilityGlobals) = postSolution
		SolutionGuid = {806C7FFB-5DE0-4616-B841-0DF59A9EC309}
	EndGlobalSection
EndGlobal
